
Microsoft Visual Studio Solution File, Format Version 12.00
# Visual Studio Version 17
VisualStudioVersion = 17.7.34031.279
MinimumVisualStudioVersion = 10.0.40219.1
Project("{FAE04EC0-301F-11D3-BF4B-00C04F79EFBC}") = "AppCatalogo", "AppCatalogo\AppCatalogo.csproj", "{AAF08A91-5D44-49D2-B73C-B160E93AA842}"
EndProject
Project("{FAE04EC0-301F-11D3-BF4B-00C04F79EFBC}") = "dominio", "dominio\dominio.csproj", "{0D73D218-5D9E-45DE-BD76-3F75F0519DE0}"
EndProject
Project("{FAE04EC0-301F-11D3-BF4B-00C04F79EFBC}") = "negocio", "neogocio\negocio.csproj", "{2D4A7790-887C-40D7-9ADC-4100149B7A4B}"
EndProject
Global
	GlobalSection(SolutionConfigurationPlatforms) = preSolution
		Debug|Any CPU = Debug|Any CPU
		Release|Any CPU = Release|Any CPU
	EndGlobalSection
	GlobalSection(ProjectConfigurationPlatforms) = postSolution
		{AAF08A91-5D44-49D2-B73C-B160E93AA842}.Debug|Any CPU.ActiveCfg = Debug|Any CPU
		{AAF08A91-5D44-49D2-B73C-B160E93AA842}.Debug|Any CPU.Build.0 = Debug|Any CPU
		{AAF08A91-5D44-49D2-B73C-B160E93AA842}.Release|Any CPU.ActiveCfg = Release|Any CPU
		{AAF08A91-5D44-49D2-B73C-B160E93AA842}.Release|Any CPU.Build.0 = Release|Any CPU
		{0D73D218-5D9E-45DE-BD76-3F75F0519DE0}.Debug|Any CPU.ActiveCfg = Debug|Any CPU
		{0D73D218-5D9E-45DE-BD76-3F75F0519DE0}.Debug|Any CPU.Build.0 = Debug|Any CPU
		{0D73D218-5D9E-45DE-BD76-3F75F0519DE0}.Release|Any CPU.ActiveCfg = Release|Any CPU
		{0D73D218-5D9E-45DE-BD76-3F75F0519DE0}.Release|Any CPU.Build.0 = Release|Any CPU
		{2D4A7790-887C-40D7-9ADC-4100149B7A4B}.Debug|Any CPU.ActiveCfg = Debug|Any CPU
		{2D4A7790-887C-40D7-9ADC-4100149B7A4B}.Debug|Any CPU.Build.0 = Debug|Any CPU
		{2D4A7790-887C-40D7-9ADC-4100149B7A4B}.Release|Any CPU.ActiveCfg = Release|Any CPU
		{2D4A7790-887C-40D7-9ADC-4100149B7A4B}.Release|Any CPU.Build.0 = Release|Any CPU
	EndGlobalSection
	GlobalSection(SolutionProperties) = preSolution
		HideSolutionNode = FALSE
	EndGlobalSection
	GlobalSection(ExtensibilityGlobals) = postSolution
		SolutionGuid = {58016CED-C4DE-4FF5-B652-3864EF3581F5}
	EndGlobalSection
EndGlobal
